
Microsoft Visual Studio Solution File, Format Version 12.00
# Visual Studio Version 17
VisualStudioVersion = 17.4.33205.214
MinimumVisualStudioVersion = 10.0.40219.1
Project("{FAE04EC0-301F-11D3-BF4B-00C04F79EFBC}") = "Tem Aqui", "Tem Aqui.csproj", "{5A79A826-0443-48A8-9DB8-B547D7E94D30}"
EndProject
Global
	GlobalSection(SolutionConfigurationPlatforms) = preSolution
		Debug|Any CPU = Debug|Any CPU
		Release|Any CPU = Release|Any CPU
	EndGlobalSection
	GlobalSection(ProjectConfigurationPlatforms) = postSolution
		{5A79A826-0443-48A8-9DB8-B547D7E94D30}.Debug|Any CPU.ActiveCfg = Debug|Any CPU
		{5A79A826-0443-48A8-9DB8-B547D7E94D30}.Debug|Any CPU.Build.0 = Debug|Any CPU
		{5A79A826-0443-48A8-9DB8-B547D7E94D30}.Release|Any CPU.ActiveCfg = Release|Any CPU
		{5A79A826-0443-48A8-9DB8-B547D7E94D30}.Release|Any CPU.Build.0 = Release|Any CPU
	EndGlobalSection
	GlobalSection(SolutionProperties) = preSolution
		HideSolutionNode = FALSE
	EndGlobalSection
	GlobalSection(ExtensibilityGlobals) = postSolution
		SolutionGuid = {86809525-A35E-43FF-9C09-7974C75A7217}
	EndGlobalSection
EndGlobal
